{
  "version": 4,
  "terraform_version": "1.9.7",
  "serial": 83,
  "lineage": "d1fdc4fd-3eef-c0d8-8b84-a14500ad932c",
  "outputs": {},
  "resources": [
    {
      "mode": "data",
      "type": "archive_file",
      "name": "source",
      "provider": "provider[\"registry.terraform.io/hashicorp/archive\"]",
      "instances": [
        {
          "schema_version": 0,
          "attributes": {
            "exclude_symlink_directories": null,
            "excludes": null,
            "id": "804fcac1303170a5cc1dc9554325d49f808a8893",
            "output_base64sha256": "nyItSfRsqJyfFbtXm68YMs8g07cP+fXRMnuHFdtdp1M=",
            "output_base64sha512": "O4GGGTefwTCizO+RQm2HGn6zvaMwQYhih2XEINJTrWwWM6gFkYT72rumSKH4Y0ns18prLz5JPZAZ5UWfEuxz4w==",
            "output_file_mode": null,
            "output_md5": "601325cae4b1bfec1dfdfa63838a03f8",
            "output_path": "./src/alert_source.zip",
            "output_sha": "804fcac1303170a5cc1dc9554325d49f808a8893",
            "output_sha256": "9f222d49f46ca89c9f15bb579baf1832cf20d3b70ff9f5d1327b8715db5da753",
            "output_sha512": "3b818619379fc130a2ccef91426d871a7eb3bda3304188628765c420d253ad6c1633a8059184fbdabba648a1f86349ecd7ca6b2f3e493d9019e5459f12ec73e3",
            "output_size": 1548,
            "source": [],
            "source_content": null,
            "source_content_filename": null,
            "source_dir": "src/",
            "source_file": null,
            "type": "zip"
          },
          "sensitive_attributes": []
        }
      ]
    },
    {
      "mode": "data",
      "type": "google_storage_project_service_account",
      "name": "gcs_account",
      "provider": "provider[\"registry.terraform.io/hashicorp/google\"]",
      "instances": [
        {
          "schema_version": 0,
          "attributes": {
            "email_address": "service-613847488004@gs-project-accounts.iam.gserviceaccount.com",
            "id": "service-613847488004@gs-project-accounts.iam.gserviceaccount.com",
            "member": "serviceAccount:service-613847488004@gs-project-accounts.iam.gserviceaccount.com",
            "project": "workflow-manager-437809",
            "user_project": null
          },
          "sensitive_attributes": []
        }
      ]
    },
    {
      "mode": "managed",
      "type": "google_cloudfunctions2_function",
      "name": "cloneRepoToStorage",
      "provider": "provider[\"registry.terraform.io/hashicorp/google\"]",
      "instances": [
        {
          "status": "tainted",
          "schema_version": 0,
          "attributes": {
            "build_config": [
              {
                "build": "",
                "docker_repository": "",
                "entry_point": "cloneRepoToStorage",
                "environment_variables": {},
                "runtime": "nodejs16",
                "source": [
                  {
                    "repo_source": [],
                    "storage_source": [
                      {
                        "bucket": "cloud-function-alert-workflow-manager-437809",
                        "generation": 0,
                        "object": "functions.zip"
                      }
                    ]
                  }
                ],
                "worker_pool": ""
              }
            ],
            "description": "Cloud function gen2 trigger using terraform",
            "environment": null,
            "event_trigger": [],
            "id": "projects/workflow-manager-437809/locations/asia-south1/functions/cloud-function-trigger-cloneRepoToStorage",
            "kms_key_name": null,
            "labels": null,
            "location": "asia-south1",
            "name": "cloud-function-trigger-cloneRepoToStorage",
            "project": "workflow-manager-437809",
            "service_config": [
              {
                "all_traffic_on_latest_revision": true,
                "available_cpu": "",
                "available_memory": "256M",
                "environment_variables": {
                  "SERVICE_CONFIG_TEST": "config_test"
                },
                "gcf_uri": "",
                "ingress_settings": "ALLOW_INTERNAL_ONLY",
                "max_instance_count": 1,
                "max_instance_request_concurrency": 0,
                "min_instance_count": 0,
                "secret_environment_variables": [],
                "secret_volumes": [],
                "service": "",
                "service_account_email": "terraform-alert-sa@workflow-manager-437809.iam.gserviceaccount.com",
                "timeout_seconds": 60,
                "uri": "",
                "vpc_connector": "",
                "vpc_connector_egress_settings": ""
              }
            ],
            "state": null,
            "timeouts": null,
            "update_time": null,
            "url": null
          },
          "sensitive_attributes": [],
          "private": "eyJlMmJmYjczMC1lY2FhLTExZTYtOGY4OC0zNDM2M2JjN2M0YzAiOnsiY3JlYXRlIjozNjAwMDAwMDAwMDAwLCJkZWxldGUiOjM2MDAwMDAwMDAwMDAsInVwZGF0ZSI6MzYwMDAwMDAwMDAwMH19",
          "dependencies": [
            "data.archive_file.source",
            "data.google_storage_project_service_account.gcs_account",
            "google_project_iam_binding.google_storage_project_service_account_is_pubsub_publisher",
            "google_storage_bucket.cloud_function_source_bucket",
            "google_storage_bucket_object.zip",
            "module.project-services.data.google_compute_default_service_account.default",
            "module.project-services.google_project_iam_member.project_service_identity_roles",
            "module.project-services.google_project_service.project_services",
            "module.project-services.google_project_service_identity.project_service_identities"
          ]
        }
      ]
    },
    {
      "mode": "managed",
      "type": "google_project_iam_binding",
      "name": "google_storage_project_service_account_is_pubsub_publisher",
      "provider": "provider[\"registry.terraform.io/hashicorp/google\"]",
      "instances": [
        {
          "schema_version": 0,
          "attributes": {
            "condition": [],
            "etag": "BwYj0KmzsoM=",
            "id": "workflow-manager-437809/roles/pubsub.publisher",
            "members": [
              "serviceAccount:service-613847488004@gs-project-accounts.iam.gserviceaccount.com"
            ],
            "project": "workflow-manager-437809",
            "role": "roles/pubsub.publisher"
          },
          "sensitive_attributes": [],
          "private": "bnVsbA==",
          "dependencies": [
            "data.google_storage_project_service_account.gcs_account"
          ]
        }
      ]
    },
    {
      "mode": "managed",
      "type": "google_project_iam_member",
      "name": "runner-sa-roles",
      "provider": "provider[\"registry.terraform.io/hashicorp/google\"]",
      "instances": [
        {
          "index_key": "roles/cloudbuild.builds.builder",
          "schema_version": 0,
          "attributes": {
            "condition": [],
            "etag": "BwYj0E3edbg=",
            "id": "workflow-manager-437809/roles/cloudbuild.builds.builder/serviceAccount:terraform-alert-sa@workflow-manager-437809.iam.gserviceaccount.com",
            "member": "serviceAccount:terraform-alert-sa@workflow-manager-437809.iam.gserviceaccount.com",
            "project": "workflow-manager-437809",
            "role": "roles/cloudbuild.builds.builder"
          },
          "sensitive_attributes": [],
          "private": "bnVsbA=="
        },
        {
          "index_key": "roles/cloudfunctions.admin",
          "schema_version": 0,
          "attributes": {
            "condition": [],
            "etag": "BwYj0E3edbg=",
            "id": "workflow-manager-437809/roles/cloudfunctions.admin/serviceAccount:terraform-alert-sa@workflow-manager-437809.iam.gserviceaccount.com",
            "member": "serviceAccount:terraform-alert-sa@workflow-manager-437809.iam.gserviceaccount.com",
            "project": "workflow-manager-437809",
            "role": "roles/cloudfunctions.admin"
          },
          "sensitive_attributes": [],
          "private": "bnVsbA=="
        },
        {
          "index_key": "roles/cloudkms.admin",
          "schema_version": 0,
          "attributes": {
            "condition": [],
            "etag": "BwYj0E3edbg=",
            "id": "workflow-manager-437809/roles/cloudkms.admin/serviceAccount:terraform-alert-sa@workflow-manager-437809.iam.gserviceaccount.com",
            "member": "serviceAccount:terraform-alert-sa@workflow-manager-437809.iam.gserviceaccount.com",
            "project": "workflow-manager-437809",
            "role": "roles/cloudkms.admin"
          },
          "sensitive_attributes": [],
          "private": "bnVsbA=="
        },
        {
          "index_key": "roles/compute.viewer",
          "schema_version": 0,
          "attributes": {
            "condition": [],
            "etag": "BwYj0E3edbg=",
            "id": "workflow-manager-437809/roles/compute.viewer/serviceAccount:terraform-alert-sa@workflow-manager-437809.iam.gserviceaccount.com",
            "member": "serviceAccount:terraform-alert-sa@workflow-manager-437809.iam.gserviceaccount.com",
            "project": "workflow-manager-437809",
            "role": "roles/compute.viewer"
          },
          "sensitive_attributes": [],
          "private": "bnVsbA=="
        },
        {
          "index_key": "roles/datastore.owner",
          "schema_version": 0,
          "attributes": {
            "condition": [],
            "etag": "BwYj0E3edbg=",
            "id": "workflow-manager-437809/roles/datastore.owner/serviceAccount:terraform-alert-sa@workflow-manager-437809.iam.gserviceaccount.com",
            "member": "serviceAccount:terraform-alert-sa@workflow-manager-437809.iam.gserviceaccount.com",
            "project": "workflow-manager-437809",
            "role": "roles/datastore.owner"
          },
          "sensitive_attributes": [],
          "private": "bnVsbA=="
        },
        {
          "index_key": "roles/eventarc.eventReceiver",
          "schema_version": 0,
          "attributes": {
            "condition": [],
            "etag": "BwYj0E3edbg=",
            "id": "workflow-manager-437809/roles/eventarc.eventReceiver/serviceAccount:terraform-alert-sa@workflow-manager-437809.iam.gserviceaccount.com",
            "member": "serviceAccount:terraform-alert-sa@workflow-manager-437809.iam.gserviceaccount.com",
            "project": "workflow-manager-437809",
            "role": "roles/eventarc.eventReceiver"
          },
          "sensitive_attributes": [],
          "private": "bnVsbA=="
        },
        {
          "index_key": "roles/iam.roleAdmin",
          "schema_version": 0,
          "attributes": {
            "condition": [],
            "etag": "BwYj0E3edbg=",
            "id": "workflow-manager-437809/roles/iam.roleAdmin/serviceAccount:terraform-alert-sa@workflow-manager-437809.iam.gserviceaccount.com",
            "member": "serviceAccount:terraform-alert-sa@workflow-manager-437809.iam.gserviceaccount.com",
            "project": "workflow-manager-437809",
            "role": "roles/iam.roleAdmin"
          },
          "sensitive_attributes": [],
          "private": "bnVsbA=="
        },
        {
          "index_key": "roles/iam.serviceAccountAdmin",
          "schema_version": 0,
          "attributes": {
            "condition": [],
            "etag": "BwYj0E3edbg=",
            "id": "workflow-manager-437809/roles/iam.serviceAccountAdmin/serviceAccount:terraform-alert-sa@workflow-manager-437809.iam.gserviceaccount.com",
            "member": "serviceAccount:terraform-alert-sa@workflow-manager-437809.iam.gserviceaccount.com",
            "project": "workflow-manager-437809",
            "role": "roles/iam.serviceAccountAdmin"
          },
          "sensitive_attributes": [],
          "private": "bnVsbA=="
        },
        {
          "index_key": "roles/iam.serviceAccountKeyAdmin",
          "schema_version": 0,
          "attributes": {
            "condition": [],
            "etag": "BwYj0E3edbg=",
            "id": "workflow-manager-437809/roles/iam.serviceAccountKeyAdmin/serviceAccount:terraform-alert-sa@workflow-manager-437809.iam.gserviceaccount.com",
            "member": "serviceAccount:terraform-alert-sa@workflow-manager-437809.iam.gserviceaccount.com",
            "project": "workflow-manager-437809",
            "role": "roles/iam.serviceAccountKeyAdmin"
          },
          "sensitive_attributes": [],
          "private": "bnVsbA=="
        },
        {
          "index_key": "roles/iam.serviceAccountUser",
          "schema_version": 0,
          "attributes": {
            "condition": [],
            "etag": "BwYj0E3edbg=",
            "id": "workflow-manager-437809/roles/iam.serviceAccountUser/serviceAccount:terraform-alert-sa@workflow-manager-437809.iam.gserviceaccount.com",
            "member": "serviceAccount:terraform-alert-sa@workflow-manager-437809.iam.gserviceaccount.com",
            "project": "workflow-manager-437809",
            "role": "roles/iam.serviceAccountUser"
          },
          "sensitive_attributes": [],
          "private": "bnVsbA=="
        },
        {
          "index_key": "roles/iam.workloadIdentityPoolAdmin",
          "schema_version": 0,
          "attributes": {
            "condition": [],
            "etag": "BwYj0E3edbg=",
            "id": "workflow-manager-437809/roles/iam.workloadIdentityPoolAdmin/serviceAccount:terraform-alert-sa@workflow-manager-437809.iam.gserviceaccount.com",
            "member": "serviceAccount:terraform-alert-sa@workflow-manager-437809.iam.gserviceaccount.com",
            "project": "workflow-manager-437809",
            "role": "roles/iam.workloadIdentityPoolAdmin"
          },
          "sensitive_attributes": [],
          "private": "bnVsbA=="
        },
        {
          "index_key": "roles/logging.configWriter",
          "schema_version": 0,
          "attributes": {
            "condition": [],
            "etag": "BwYj0E3edbg=",
            "id": "workflow-manager-437809/roles/logging.configWriter/serviceAccount:terraform-alert-sa@workflow-manager-437809.iam.gserviceaccount.com",
            "member": "serviceAccount:terraform-alert-sa@workflow-manager-437809.iam.gserviceaccount.com",
            "project": "workflow-manager-437809",
            "role": "roles/logging.configWriter"
          },
          "sensitive_attributes": [],
          "private": "bnVsbA=="
        },
        {
          "index_key": "roles/logging.logWriter",
          "schema_version": 0,
          "attributes": {
            "condition": [],
            "etag": "BwYj0E3edbg=",
            "id": "workflow-manager-437809/roles/logging.logWriter/serviceAccount:terraform-alert-sa@workflow-manager-437809.iam.gserviceaccount.com",
            "member": "serviceAccount:terraform-alert-sa@workflow-manager-437809.iam.gserviceaccount.com",
            "project": "workflow-manager-437809",
            "role": "roles/logging.logWriter"
          },
          "sensitive_attributes": [],
          "private": "bnVsbA=="
        },
        {
          "index_key": "roles/pubsub.admin",
          "schema_version": 0,
          "attributes": {
            "condition": [],
            "etag": "BwYj0E3edbg=",
            "id": "workflow-manager-437809/roles/pubsub.admin/serviceAccount:terraform-alert-sa@workflow-manager-437809.iam.gserviceaccount.com",
            "member": "serviceAccount:terraform-alert-sa@workflow-manager-437809.iam.gserviceaccount.com",
            "project": "workflow-manager-437809",
            "role": "roles/pubsub.admin"
          },
          "sensitive_attributes": [],
          "private": "bnVsbA=="
        },
        {
          "index_key": "roles/pubsub.publisher",
          "schema_version": 0,
          "attributes": {
            "condition": [],
            "etag": "BwYj0E3edbg=",
            "id": "workflow-manager-437809/roles/pubsub.publisher/serviceAccount:terraform-alert-sa@workflow-manager-437809.iam.gserviceaccount.com",
            "member": "serviceAccount:terraform-alert-sa@workflow-manager-437809.iam.gserviceaccount.com",
            "project": "workflow-manager-437809",
            "role": "roles/pubsub.publisher"
          },
          "sensitive_attributes": [],
          "private": "bnVsbA=="
        },
        {
          "index_key": "roles/run.invoker",
          "schema_version": 0,
          "attributes": {
            "condition": [],
            "etag": "BwYj0E3edbg=",
            "id": "workflow-manager-437809/roles/run.invoker/serviceAccount:terraform-alert-sa@workflow-manager-437809.iam.gserviceaccount.com",
            "member": "serviceAccount:terraform-alert-sa@workflow-manager-437809.iam.gserviceaccount.com",
            "project": "workflow-manager-437809",
            "role": "roles/run.invoker"
          },
          "sensitive_attributes": [],
          "private": "bnVsbA=="
        },
        {
          "index_key": "roles/serviceusage.serviceUsageAdmin",
          "schema_version": 0,
          "attributes": {
            "condition": [],
            "etag": "BwYj0E3edbg=",
            "id": "workflow-manager-437809/roles/serviceusage.serviceUsageAdmin/serviceAccount:terraform-alert-sa@workflow-manager-437809.iam.gserviceaccount.com",
            "member": "serviceAccount:terraform-alert-sa@workflow-manager-437809.iam.gserviceaccount.com",
            "project": "workflow-manager-437809",
            "role": "roles/serviceusage.serviceUsageAdmin"
          },
          "sensitive_attributes": [],
          "private": "bnVsbA=="
        },
        {
          "index_key": "roles/storage.admin",
          "schema_version": 0,
          "attributes": {
            "condition": [],
            "etag": "BwYj0E3edbg=",
            "id": "workflow-manager-437809/roles/storage.admin/serviceAccount:terraform-alert-sa@workflow-manager-437809.iam.gserviceaccount.com",
            "member": "serviceAccount:terraform-alert-sa@workflow-manager-437809.iam.gserviceaccount.com",
            "project": "workflow-manager-437809",
            "role": "roles/storage.admin"
          },
          "sensitive_attributes": [],
          "private": "bnVsbA=="
        }
      ]
    },
    {
      "mode": "managed",
      "type": "google_service_account",
      "name": "my_service_account",
      "provider": "provider[\"registry.terraform.io/hashicorp/google\"]",
      "instances": [
        {
          "schema_version": 0,
          "attributes": {
            "account_id": "terraform-alert-sa",
            "description": "",
            "disabled": false,
            "display_name": "My Terraform Account",
            "email": "terraform-alert-sa@workflow-manager-437809.iam.gserviceaccount.com",
            "id": "projects/workflow-manager-437809/serviceAccounts/terraform-alert-sa@workflow-manager-437809.iam.gserviceaccount.com",
            "member": "serviceAccount:terraform-alert-sa@workflow-manager-437809.iam.gserviceaccount.com",
            "name": "projects/workflow-manager-437809/serviceAccounts/terraform-alert-sa@workflow-manager-437809.iam.gserviceaccount.com",
            "project": "workflow-manager-437809",
            "timeouts": null,
            "unique_id": "106191800100434380885"
          },
          "sensitive_attributes": [],
          "private": "eyJlMmJmYjczMC1lY2FhLTExZTYtOGY4OC0zNDM2M2JjN2M0YzAiOnsiY3JlYXRlIjozMDAwMDAwMDAwMDB9fQ=="
        }
      ]
    },
    {
      "mode": "managed",
      "type": "google_storage_bucket",
      "name": "cloud_function_source_bucket",
      "provider": "provider[\"registry.terraform.io/hashicorp/google\"]",
      "instances": [
        {
          "schema_version": 0,
          "attributes": {
            "autoclass": [],
            "cors": [],
            "custom_placement_config": [],
            "default_event_based_hold": false,
            "encryption": [],
            "force_destroy": true,
            "id": "cloud-function-alert-workflow-manager-437809",
            "labels": {},
            "lifecycle_rule": [],
            "location": "ASIA-SOUTH1",
            "logging": [],
            "name": "cloud-function-alert-workflow-manager-437809",
            "project": "workflow-manager-437809",
            "public_access_prevention": "inherited",
            "requester_pays": false,
            "retention_policy": [],
            "self_link": "https://www.googleapis.com/storage/v1/b/cloud-function-alert-workflow-manager-437809",
            "soft_delete_policy": [
              {
                "effective_time": "2024-10-06T15:36:04.313Z",
                "retention_duration_seconds": 604800
              }
            ],
            "storage_class": "STANDARD",
            "timeouts": null,
            "uniform_bucket_level_access": true,
            "url": "gs://cloud-function-alert-workflow-manager-437809",
            "versioning": [],
            "website": []
          },
          "sensitive_attributes": [],
          "private": "eyJlMmJmYjczMC1lY2FhLTExZTYtOGY4OC0zNDM2M2JjN2M0YzAiOnsiY3JlYXRlIjo2MDAwMDAwMDAwMDAsInJlYWQiOjI0MDAwMDAwMDAwMCwidXBkYXRlIjoyNDAwMDAwMDAwMDB9fQ=="
        }
      ]
    },
    {
      "mode": "managed",
      "type": "google_storage_bucket_object",
      "name": "zip",
      "provider": "provider[\"registry.terraform.io/hashicorp/google\"]",
      "instances": [
        {
          "schema_version": 0,
          "attributes": {
            "bucket": "cloud-function-alert-workflow-manager-437809",
            "cache_control": "",
            "content": null,
            "content_disposition": "",
            "content_encoding": "",
            "content_language": "",
            "content_type": "application/zip",
            "crc32c": "gzWePw==",
            "customer_encryption": [],
            "detect_md5hash": "YBMlyuSxv+wd/fpjg4oD+A==",
            "event_based_hold": false,
            "id": "cloud-function-alert-workflow-manager-437809-functions.zip",
            "kms_key_name": "",
            "md5hash": "YBMlyuSxv+wd/fpjg4oD+A==",
            "media_link": "https://storage.googleapis.com/download/storage/v1/b/cloud-function-alert-workflow-manager-437809/o/functions.zip?generation=1728228965209748\u0026alt=media",
            "metadata": null,
            "name": "functions.zip",
            "output_name": "functions.zip",
            "self_link": "https://www.googleapis.com/storage/v1/b/cloud-function-alert-workflow-manager-437809/o/functions.zip",
            "source": "./src/alert_source.zip",
            "storage_class": "STANDARD",
            "temporary_hold": false,
            "timeouts": null
          },
          "sensitive_attributes": [
            [
              {
                "type": "get_attr",
                "value": "content"
              }
            ]
          ],
          "private": "eyJlMmJmYjczMC1lY2FhLTExZTYtOGY4OC0zNDM2M2JjN2M0YzAiOnsiY3JlYXRlIjoyNDAwMDAwMDAwMDAsImRlbGV0ZSI6MjQwMDAwMDAwMDAwLCJ1cGRhdGUiOjI0MDAwMDAwMDAwMH19",
          "dependencies": [
            "data.archive_file.source",
            "google_storage_bucket.cloud_function_source_bucket"
          ]
        }
      ]
    },
    {
      "module": "module.project-services",
      "mode": "managed",
      "type": "google_project_service",
      "name": "project_services",
      "provider": "provider[\"registry.terraform.io/hashicorp/google\"]",
      "instances": [
        {
          "index_key": "cloudbuild.googleapis.com",
          "schema_version": 0,
          "attributes": {
            "disable_dependent_services": true,
            "disable_on_destroy": false,
            "id": "workflow-manager-437809/cloudbuild.googleapis.com",
            "project": "workflow-manager-437809",
            "service": "cloudbuild.googleapis.com",
            "timeouts": null
          },
          "sensitive_attributes": [],
          "private": "eyJlMmJmYjczMC1lY2FhLTExZTYtOGY4OC0zNDM2M2JjN2M0YzAiOnsiY3JlYXRlIjoxMjAwMDAwMDAwMDAwLCJkZWxldGUiOjEyMDAwMDAwMDAwMDAsInJlYWQiOjYwMDAwMDAwMDAwMCwidXBkYXRlIjoxMjAwMDAwMDAwMDAwfX0="
        },
        {
          "index_key": "cloudfunctions.googleapis.com",
          "schema_version": 0,
          "attributes": {
            "disable_dependent_services": true,
            "disable_on_destroy": false,
            "id": "workflow-manager-437809/cloudfunctions.googleapis.com",
            "project": "workflow-manager-437809",
            "service": "cloudfunctions.googleapis.com",
            "timeouts": null
          },
          "sensitive_attributes": [],
          "private": "eyJlMmJmYjczMC1lY2FhLTExZTYtOGY4OC0zNDM2M2JjN2M0YzAiOnsiY3JlYXRlIjoxMjAwMDAwMDAwMDAwLCJkZWxldGUiOjEyMDAwMDAwMDAwMDAsInJlYWQiOjYwMDAwMDAwMDAwMCwidXBkYXRlIjoxMjAwMDAwMDAwMDAwfX0="
        },
        {
          "index_key": "cloudkms.googleapis.com",
          "schema_version": 0,
          "attributes": {
            "disable_dependent_services": true,
            "disable_on_destroy": false,
            "id": "workflow-manager-437809/cloudkms.googleapis.com",
            "project": "workflow-manager-437809",
            "service": "cloudkms.googleapis.com",
            "timeouts": null
          },
          "sensitive_attributes": [],
          "private": "eyJlMmJmYjczMC1lY2FhLTExZTYtOGY4OC0zNDM2M2JjN2M0YzAiOnsiY3JlYXRlIjoxMjAwMDAwMDAwMDAwLCJkZWxldGUiOjEyMDAwMDAwMDAwMDAsInJlYWQiOjYwMDAwMDAwMDAwMCwidXBkYXRlIjoxMjAwMDAwMDAwMDAwfX0="
        },
        {
          "index_key": "cloudresourcemanager.googleapis.com",
          "schema_version": 0,
          "attributes": {
            "disable_dependent_services": true,
            "disable_on_destroy": false,
            "id": "workflow-manager-437809/cloudresourcemanager.googleapis.com",
            "project": "workflow-manager-437809",
            "service": "cloudresourcemanager.googleapis.com",
            "timeouts": null
          },
          "sensitive_attributes": [],
          "private": "eyJlMmJmYjczMC1lY2FhLTExZTYtOGY4OC0zNDM2M2JjN2M0YzAiOnsiY3JlYXRlIjoxMjAwMDAwMDAwMDAwLCJkZWxldGUiOjEyMDAwMDAwMDAwMDAsInJlYWQiOjYwMDAwMDAwMDAwMCwidXBkYXRlIjoxMjAwMDAwMDAwMDAwfX0="
        },
        {
          "index_key": "eventarc.googleapis.com",
          "schema_version": 0,
          "attributes": {
            "disable_dependent_services": true,
            "disable_on_destroy": false,
            "id": "workflow-manager-437809/eventarc.googleapis.com",
            "project": "workflow-manager-437809",
            "service": "eventarc.googleapis.com",
            "timeouts": null
          },
          "sensitive_attributes": [],
          "private": "eyJlMmJmYjczMC1lY2FhLTExZTYtOGY4OC0zNDM2M2JjN2M0YzAiOnsiY3JlYXRlIjoxMjAwMDAwMDAwMDAwLCJkZWxldGUiOjEyMDAwMDAwMDAwMDAsInJlYWQiOjYwMDAwMDAwMDAwMCwidXBkYXRlIjoxMjAwMDAwMDAwMDAwfX0="
        },
        {
          "index_key": "iam.googleapis.com",
          "schema_version": 0,
          "attributes": {
            "disable_dependent_services": true,
            "disable_on_destroy": false,
            "id": "workflow-manager-437809/iam.googleapis.com",
            "project": "workflow-manager-437809",
            "service": "iam.googleapis.com",
            "timeouts": null
          },
          "sensitive_attributes": [],
          "private": "eyJlMmJmYjczMC1lY2FhLTExZTYtOGY4OC0zNDM2M2JjN2M0YzAiOnsiY3JlYXRlIjoxMjAwMDAwMDAwMDAwLCJkZWxldGUiOjEyMDAwMDAwMDAwMDAsInJlYWQiOjYwMDAwMDAwMDAwMCwidXBkYXRlIjoxMjAwMDAwMDAwMDAwfX0="
        },
        {
          "index_key": "iamcredentials.googleapis.com",
          "schema_version": 0,
          "attributes": {
            "disable_dependent_services": true,
            "disable_on_destroy": false,
            "id": "workflow-manager-437809/iamcredentials.googleapis.com",
            "project": "workflow-manager-437809",
            "service": "iamcredentials.googleapis.com",
            "timeouts": null
          },
          "sensitive_attributes": [],
          "private": "eyJlMmJmYjczMC1lY2FhLTExZTYtOGY4OC0zNDM2M2JjN2M0YzAiOnsiY3JlYXRlIjoxMjAwMDAwMDAwMDAwLCJkZWxldGUiOjEyMDAwMDAwMDAwMDAsInJlYWQiOjYwMDAwMDAwMDAwMCwidXBkYXRlIjoxMjAwMDAwMDAwMDAwfX0="
        },
        {
          "index_key": "logging.googleapis.com",
          "schema_version": 0,
          "attributes": {
            "disable_dependent_services": true,
            "disable_on_destroy": false,
            "id": "workflow-manager-437809/logging.googleapis.com",
            "project": "workflow-manager-437809",
            "service": "logging.googleapis.com",
            "timeouts": null
          },
          "sensitive_attributes": [],
          "private": "eyJlMmJmYjczMC1lY2FhLTExZTYtOGY4OC0zNDM2M2JjN2M0YzAiOnsiY3JlYXRlIjoxMjAwMDAwMDAwMDAwLCJkZWxldGUiOjEyMDAwMDAwMDAwMDAsInJlYWQiOjYwMDAwMDAwMDAwMCwidXBkYXRlIjoxMjAwMDAwMDAwMDAwfX0="
        },
        {
          "index_key": "monitoring.googleapis.com",
          "schema_version": 0,
          "attributes": {
            "disable_dependent_services": true,
            "disable_on_destroy": false,
            "id": "workflow-manager-437809/monitoring.googleapis.com",
            "project": "workflow-manager-437809",
            "service": "monitoring.googleapis.com",
            "timeouts": null
          },
          "sensitive_attributes": [],
          "private": "eyJlMmJmYjczMC1lY2FhLTExZTYtOGY4OC0zNDM2M2JjN2M0YzAiOnsiY3JlYXRlIjoxMjAwMDAwMDAwMDAwLCJkZWxldGUiOjEyMDAwMDAwMDAwMDAsInJlYWQiOjYwMDAwMDAwMDAwMCwidXBkYXRlIjoxMjAwMDAwMDAwMDAwfX0="
        },
        {
          "index_key": "pubsub.googleapis.com",
          "schema_version": 0,
          "attributes": {
            "disable_dependent_services": true,
            "disable_on_destroy": false,
            "id": "workflow-manager-437809/pubsub.googleapis.com",
            "project": "workflow-manager-437809",
            "service": "pubsub.googleapis.com",
            "timeouts": null
          },
          "sensitive_attributes": [],
          "private": "eyJlMmJmYjczMC1lY2FhLTExZTYtOGY4OC0zNDM2M2JjN2M0YzAiOnsiY3JlYXRlIjoxMjAwMDAwMDAwMDAwLCJkZWxldGUiOjEyMDAwMDAwMDAwMDAsInJlYWQiOjYwMDAwMDAwMDAwMCwidXBkYXRlIjoxMjAwMDAwMDAwMDAwfX0="
        },
        {
          "index_key": "run.googleapis.com",
          "schema_version": 0,
          "attributes": {
            "disable_dependent_services": true,
            "disable_on_destroy": false,
            "id": "workflow-manager-437809/run.googleapis.com",
            "project": "workflow-manager-437809",
            "service": "run.googleapis.com",
            "timeouts": null
          },
          "sensitive_attributes": [],
          "private": "eyJlMmJmYjczMC1lY2FhLTExZTYtOGY4OC0zNDM2M2JjN2M0YzAiOnsiY3JlYXRlIjoxMjAwMDAwMDAwMDAwLCJkZWxldGUiOjEyMDAwMDAwMDAwMDAsInJlYWQiOjYwMDAwMDAwMDAwMCwidXBkYXRlIjoxMjAwMDAwMDAwMDAwfX0="
        },
        {
          "index_key": "storage.googleapis.com",
          "schema_version": 0,
          "attributes": {
            "disable_dependent_services": true,
            "disable_on_destroy": false,
            "id": "workflow-manager-437809/storage.googleapis.com",
            "project": "workflow-manager-437809",
            "service": "storage.googleapis.com",
            "timeouts": null
          },
          "sensitive_attributes": [],
          "private": "eyJlMmJmYjczMC1lY2FhLTExZTYtOGY4OC0zNDM2M2JjN2M0YzAiOnsiY3JlYXRlIjoxMjAwMDAwMDAwMDAwLCJkZWxldGUiOjEyMDAwMDAwMDAwMDAsInJlYWQiOjYwMDAwMDAwMDAwMCwidXBkYXRlIjoxMjAwMDAwMDAwMDAwfX0="
        },
        {
          "index_key": "sts.googleapis.com",
          "schema_version": 0,
          "attributes": {
            "disable_dependent_services": true,
            "disable_on_destroy": false,
            "id": "workflow-manager-437809/sts.googleapis.com",
            "project": "workflow-manager-437809",
            "service": "sts.googleapis.com",
            "timeouts": null
          },
          "sensitive_attributes": [],
          "private": "eyJlMmJmYjczMC1lY2FhLTExZTYtOGY4OC0zNDM2M2JjN2M0YzAiOnsiY3JlYXRlIjoxMjAwMDAwMDAwMDAwLCJkZWxldGUiOjEyMDAwMDAwMDAwMDAsInJlYWQiOjYwMDAwMDAwMDAwMCwidXBkYXRlIjoxMjAwMDAwMDAwMDAwfX0="
        }
      ]
    },
    {
      "module": "module.project-services",
      "mode": "managed",
      "type": "google_project_service_identity",
      "name": "project_service_identities",
      "provider": "provider[\"registry.terraform.io/hashicorp/google-beta\"]",
      "instances": []
    }
  ],
  "check_results": null
}
